
Microsoft Visual Studio Solution File, Format Version 12.00
# Visual Studio Version 17
VisualStudioVersion = 17.5.002.0
MinimumVisualStudioVersion = 10.0.40219.1
Project("{9A19103F-16F7-4668-BE54-9A1E7A4F7556}") = "blazorweb", "blazorweb.csproj", "{5B470120-DDA4-4492-A4B7-00855A1BCA3C}"
EndProject
Global
	GlobalSection(SolutionConfigurationPlatforms) = preSolution
		Debug|Any CPU = Debug|Any CPU
		Release|Any CPU = Release|Any CPU
	EndGlobalSection
	GlobalSection(ProjectConfigurationPlatforms) = postSolution
		{5B470120-DDA4-4492-A4B7-00855A1BCA3C}.Debug|Any CPU.ActiveCfg = Debug|Any CPU
		{5B470120-DDA4-4492-A4B7-00855A1BCA3C}.Debug|Any CPU.Build.0 = Debug|Any CPU
		{5B470120-DDA4-4492-A4B7-00855A1BCA3C}.Release|Any CPU.ActiveCfg = Release|Any CPU
		{5B470120-DDA4-4492-A4B7-00855A1BCA3C}.Release|Any CPU.Build.0 = Release|Any CPU
	EndGlobalSection
	GlobalSection(SolutionProperties) = preSolution
		HideSolutionNode = FALSE
	EndGlobalSection
	GlobalSection(ExtensibilityGlobals) = postSolution
		SolutionGuid = {939A039A-01BE-4DC2-A34A-1E541A269AB2}
	EndGlobalSection
EndGlobal
